
Microsoft Visual Studio Solution File, Format Version 12.00
# Visual Studio 2013
VisualStudioVersion = 12.0.21005.1
MinimumVisualStudioVersion = 10.0.40219.1
Project("{FAE04EC0-301F-11D3-BF4B-00C04F79EFBC}") = "appHorarios", "appHorarios\appHorarios.csproj", "{37B84296-1ADA-4C9D-976E-082FF84055C8}"
EndProject
Project("{FAE04EC0-301F-11D3-BF4B-00C04F79EFBC}") = "appHorarios.app", "appHorarios.app\appHorarios.app.csproj", "{6C9E2DAF-A9E6-46CE-B536-5C6FC776F82E}"
EndProject
Project("{FAE04EC0-301F-11D3-BF4B-00C04F79EFBC}") = "appHorarios.LiveReg", "appHorarios.LiveReg\appHorarios.LiveReg.csproj", "{304A773C-31F2-46F9-A5D2-760D007BD614}"
EndProject
Global
	GlobalSection(SolutionConfigurationPlatforms) = preSolution
		Debug|ARM = Debug|ARM
		Debug|x64 = Debug|x64
		Debug|x86 = Debug|x86
		Release|ARM = Release|ARM
		Release|x64 = Release|x64
		Release|x86 = Release|x86
	EndGlobalSection
	GlobalSection(ProjectConfigurationPlatforms) = postSolution
		{37B84296-1ADA-4C9D-976E-082FF84055C8}.Debug|ARM.ActiveCfg = Debug|x86
		{37B84296-1ADA-4C9D-976E-082FF84055C8}.Debug|x64.ActiveCfg = Debug|x86
		{37B84296-1ADA-4C9D-976E-082FF84055C8}.Debug|x86.ActiveCfg = Debug|x86
		{37B84296-1ADA-4C9D-976E-082FF84055C8}.Debug|x86.Build.0 = Debug|x86
		{37B84296-1ADA-4C9D-976E-082FF84055C8}.Release|ARM.ActiveCfg = Release|x86
		{37B84296-1ADA-4C9D-976E-082FF84055C8}.Release|x64.ActiveCfg = Release|x86
		{37B84296-1ADA-4C9D-976E-082FF84055C8}.Release|x86.ActiveCfg = Release|x86
		{37B84296-1ADA-4C9D-976E-082FF84055C8}.Release|x86.Build.0 = Release|x86
		{6C9E2DAF-A9E6-46CE-B536-5C6FC776F82E}.Debug|ARM.ActiveCfg = Debug|ARM
		{6C9E2DAF-A9E6-46CE-B536-5C6FC776F82E}.Debug|ARM.Build.0 = Debug|ARM
		{6C9E2DAF-A9E6-46CE-B536-5C6FC776F82E}.Debug|ARM.Deploy.0 = Debug|ARM
		{6C9E2DAF-A9E6-46CE-B536-5C6FC776F82E}.Debug|x64.ActiveCfg = Debug|x64
		{6C9E2DAF-A9E6-46CE-B536-5C6FC776F82E}.Debug|x64.Build.0 = Debug|x64
		{6C9E2DAF-A9E6-46CE-B536-5C6FC776F82E}.Debug|x64.Deploy.0 = Debug|x64
		{6C9E2DAF-A9E6-46CE-B536-5C6FC776F82E}.Debug|x86.ActiveCfg = Debug|x86
		{6C9E2DAF-A9E6-46CE-B536-5C6FC776F82E}.Debug|x86.Build.0 = Debug|x86
		{6C9E2DAF-A9E6-46CE-B536-5C6FC776F82E}.Debug|x86.Deploy.0 = Debug|x86
		{6C9E2DAF-A9E6-46CE-B536-5C6FC776F82E}.Release|ARM.ActiveCfg = Release|ARM
		{6C9E2DAF-A9E6-46CE-B536-5C6FC776F82E}.Release|ARM.Build.0 = Release|ARM
		{6C9E2DAF-A9E6-46CE-B536-5C6FC776F82E}.Release|ARM.Deploy.0 = Release|ARM
		{6C9E2DAF-A9E6-46CE-B536-5C6FC776F82E}.Release|x64.ActiveCfg = Release|x64
		{6C9E2DAF-A9E6-46CE-B536-5C6FC776F82E}.Release|x64.Build.0 = Release|x64
		{6C9E2DAF-A9E6-46CE-B536-5C6FC776F82E}.Release|x64.Deploy.0 = Release|x64
		{6C9E2DAF-A9E6-46CE-B536-5C6FC776F82E}.Release|x86.ActiveCfg = Release|x86
		{6C9E2DAF-A9E6-46CE-B536-5C6FC776F82E}.Release|x86.Build.0 = Release|x86
		{6C9E2DAF-A9E6-46CE-B536-5C6FC776F82E}.Release|x86.Deploy.0 = Release|x86
		{304A773C-31F2-46F9-A5D2-760D007BD614}.Debug|ARM.ActiveCfg = Debug|x86
		{304A773C-31F2-46F9-A5D2-760D007BD614}.Debug|x64.ActiveCfg = Debug|x86
		{304A773C-31F2-46F9-A5D2-760D007BD614}.Debug|x86.ActiveCfg = Debug|x86
		{304A773C-31F2-46F9-A5D2-760D007BD614}.Debug|x86.Build.0 = Debug|x86
		{304A773C-31F2-46F9-A5D2-760D007BD614}.Release|ARM.ActiveCfg = Release|x86
		{304A773C-31F2-46F9-A5D2-760D007BD614}.Release|x64.ActiveCfg = Release|x86
		{304A773C-31F2-46F9-A5D2-760D007BD614}.Release|x86.ActiveCfg = Release|x86
		{304A773C-31F2-46F9-A5D2-760D007BD614}.Release|x86.Build.0 = Release|x86
	EndGlobalSection
	GlobalSection(SolutionProperties) = preSolution
		HideSolutionNode = FALSE
	EndGlobalSection
EndGlobal
